
Microsoft Visual Studio Solution File, Format Version 12.00
# Visual Studio 15
VisualStudioVersion = 15.0.26124.0
MinimumVisualStudioVersion = 15.0.26124.0
Project("{FAE04EC0-301F-11D3-BF4B-00C04F79EFBC}") = "Domain", "Domain\Domain.csproj", "{1F566A8B-C2C1-4170-9EEB-5EA0BD27FD60}"
EndProject
Project("{FAE04EC0-301F-11D3-BF4B-00C04F79EFBC}") = "Application", "Application\Application.csproj", "{13F4219E-2BED-4411-B5A3-E692F2D2B52B}"
EndProject
Project("{FAE04EC0-301F-11D3-BF4B-00C04F79EFBC}") = "Persistence", "Persistence\Persistence.csproj", "{76B63449-D292-4DEE-9AB3-796FC0035B6F}"
EndProject
Project("{FAE04EC0-301F-11D3-BF4B-00C04F79EFBC}") = "API", "API\API.csproj", "{5773369F-347A-4791-AD9A-C7CB2F947265}"
EndProject
Global
	GlobalSection(SolutionConfigurationPlatforms) = preSolution
		Debug|Any CPU = Debug|Any CPU
		Debug|x64 = Debug|x64
		Debug|x86 = Debug|x86
		Release|Any CPU = Release|Any CPU
		Release|x64 = Release|x64
		Release|x86 = Release|x86
	EndGlobalSection
	GlobalSection(SolutionProperties) = preSolution
		HideSolutionNode = FALSE
	EndGlobalSection
	GlobalSection(ProjectConfigurationPlatforms) = postSolution
		{1F566A8B-C2C1-4170-9EEB-5EA0BD27FD60}.Debug|Any CPU.ActiveCfg = Debug|Any CPU
		{1F566A8B-C2C1-4170-9EEB-5EA0BD27FD60}.Debug|Any CPU.Build.0 = Debug|Any CPU
		{1F566A8B-C2C1-4170-9EEB-5EA0BD27FD60}.Debug|x64.ActiveCfg = Debug|Any CPU
		{1F566A8B-C2C1-4170-9EEB-5EA0BD27FD60}.Debug|x64.Build.0 = Debug|Any CPU
		{1F566A8B-C2C1-4170-9EEB-5EA0BD27FD60}.Debug|x86.ActiveCfg = Debug|Any CPU
		{1F566A8B-C2C1-4170-9EEB-5EA0BD27FD60}.Debug|x86.Build.0 = Debug|Any CPU
		{1F566A8B-C2C1-4170-9EEB-5EA0BD27FD60}.Release|Any CPU.ActiveCfg = Release|Any CPU
		{1F566A8B-C2C1-4170-9EEB-5EA0BD27FD60}.Release|Any CPU.Build.0 = Release|Any CPU
		{1F566A8B-C2C1-4170-9EEB-5EA0BD27FD60}.Release|x64.ActiveCfg = Release|Any CPU
		{1F566A8B-C2C1-4170-9EEB-5EA0BD27FD60}.Release|x64.Build.0 = Release|Any CPU
		{1F566A8B-C2C1-4170-9EEB-5EA0BD27FD60}.Release|x86.ActiveCfg = Release|Any CPU
		{1F566A8B-C2C1-4170-9EEB-5EA0BD27FD60}.Release|x86.Build.0 = Release|Any CPU
		{13F4219E-2BED-4411-B5A3-E692F2D2B52B}.Debug|Any CPU.ActiveCfg = Debug|Any CPU
		{13F4219E-2BED-4411-B5A3-E692F2D2B52B}.Debug|Any CPU.Build.0 = Debug|Any CPU
		{13F4219E-2BED-4411-B5A3-E692F2D2B52B}.Debug|x64.ActiveCfg = Debug|Any CPU
		{13F4219E-2BED-4411-B5A3-E692F2D2B52B}.Debug|x64.Build.0 = Debug|Any CPU
		{13F4219E-2BED-4411-B5A3-E692F2D2B52B}.Debug|x86.ActiveCfg = Debug|Any CPU
		{13F4219E-2BED-4411-B5A3-E692F2D2B52B}.Debug|x86.Build.0 = Debug|Any CPU
		{13F4219E-2BED-4411-B5A3-E692F2D2B52B}.Release|Any CPU.ActiveCfg = Release|Any CPU
		{13F4219E-2BED-4411-B5A3-E692F2D2B52B}.Release|Any CPU.Build.0 = Release|Any CPU
		{13F4219E-2BED-4411-B5A3-E692F2D2B52B}.Release|x64.ActiveCfg = Release|Any CPU
		{13F4219E-2BED-4411-B5A3-E692F2D2B52B}.Release|x64.Build.0 = Release|Any CPU
		{13F4219E-2BED-4411-B5A3-E692F2D2B52B}.Release|x86.ActiveCfg = Release|Any CPU
		{13F4219E-2BED-4411-B5A3-E692F2D2B52B}.Release|x86.Build.0 = Release|Any CPU
		{76B63449-D292-4DEE-9AB3-796FC0035B6F}.Debug|Any CPU.ActiveCfg = Debug|Any CPU
		{76B63449-D292-4DEE-9AB3-796FC0035B6F}.Debug|Any CPU.Build.0 = Debug|Any CPU
		{76B63449-D292-4DEE-9AB3-796FC0035B6F}.Debug|x64.ActiveCfg = Debug|Any CPU
		{76B63449-D292-4DEE-9AB3-796FC0035B6F}.Debug|x64.Build.0 = Debug|Any CPU
		{76B63449-D292-4DEE-9AB3-796FC0035B6F}.Debug|x86.ActiveCfg = Debug|Any CPU
		{76B63449-D292-4DEE-9AB3-796FC0035B6F}.Debug|x86.Build.0 = Debug|Any CPU
		{76B63449-D292-4DEE-9AB3-796FC0035B6F}.Release|Any CPU.ActiveCfg = Release|Any CPU
		{76B63449-D292-4DEE-9AB3-796FC0035B6F}.Release|Any CPU.Build.0 = Release|Any CPU
		{76B63449-D292-4DEE-9AB3-796FC0035B6F}.Release|x64.ActiveCfg = Release|Any CPU
		{76B63449-D292-4DEE-9AB3-796FC0035B6F}.Release|x64.Build.0 = Release|Any CPU
		{76B63449-D292-4DEE-9AB3-796FC0035B6F}.Release|x86.ActiveCfg = Release|Any CPU
		{76B63449-D292-4DEE-9AB3-796FC0035B6F}.Release|x86.Build.0 = Release|Any CPU
		{5773369F-347A-4791-AD9A-C7CB2F947265}.Debug|Any CPU.ActiveCfg = Debug|Any CPU
		{5773369F-347A-4791-AD9A-C7CB2F947265}.Debug|Any CPU.Build.0 = Debug|Any CPU
		{5773369F-347A-4791-AD9A-C7CB2F947265}.Debug|x64.ActiveCfg = Debug|Any CPU
		{5773369F-347A-4791-AD9A-C7CB2F947265}.Debug|x64.Build.0 = Debug|Any CPU
		{5773369F-347A-4791-AD9A-C7CB2F947265}.Debug|x86.ActiveCfg = Debug|Any CPU
		{5773369F-347A-4791-AD9A-C7CB2F947265}.Debug|x86.Build.0 = Debug|Any CPU
		{5773369F-347A-4791-AD9A-C7CB2F947265}.Release|Any CPU.ActiveCfg = Release|Any CPU
		{5773369F-347A-4791-AD9A-C7CB2F947265}.Release|Any CPU.Build.0 = Release|Any CPU
		{5773369F-347A-4791-AD9A-C7CB2F947265}.Release|x64.ActiveCfg = Release|Any CPU
		{5773369F-347A-4791-AD9A-C7CB2F947265}.Release|x64.Build.0 = Release|Any CPU
		{5773369F-347A-4791-AD9A-C7CB2F947265}.Release|x86.ActiveCfg = Release|Any CPU
		{5773369F-347A-4791-AD9A-C7CB2F947265}.Release|x86.Build.0 = Release|Any CPU
	EndGlobalSection
EndGlobal
